<?xml version="1.0" encoding="utf-8"?>
<Project ToolsVersion="4.0" xmlns="http://schemas.microsoft.com/developer/msbuild/2003">
  <ItemGroup>
    <ClCompile Include="..\source\DarknetDetector.cpp" />
    <ClCompile Include="..\source\FaceDetector.cpp" />
    <ClCompile Include="..\source\ImageInfo.cpp" />
    <ClCompile Include="..\source\ObjectTracker.cpp" />
    <ClCompile Include="..\source\PersonRecognizer.cpp" />
    <ClCompile Include="..\source\PixelUtil.cpp" />
    <ClCompile Include="..\source\Plugin.cpp" />
    <ClCompile Include="..\source\UnityHelpers.cpp" />
    <ClCompile Include="..\source\Utilities.cpp" />
    <ClCompile Include="..\source\RenderAPI.cpp">
      <Filter>Render</Filter>
    </ClCompile>
    <ClCompile Include="..\source\RenderAPI_D3D9.cpp">
      <Filter>Render</Filter>
    </ClCompile>
    <ClCompile Include="..\source\RenderAPI_D3D11.cpp">
      <Filter>Render</Filter>
    </ClCompile>
    <ClCompile Include="..\source\RenderAPI_D3D12.cpp">
      <Filter>Render</Filter>
    </ClCompile>
    <ClCompile Include="..\source\RenderAPI_OpenGL2.cpp">
      <Filter>Render</Filter>
    </ClCompile>
    <ClCompile Include="..\source\RenderAPI_OpenGLCoreES.cpp">
      <Filter>Render</Filter>
    </ClCompile>
    <ClCompile Include="..\source\UnityGraphicsDevice.cpp">
      <Filter>Render</Filter>
    </ClCompile>
  </ItemGroup>
  <ItemGroup>
    <ClInclude Include="..\source\common.h" />
    <ClInclude Include="..\source\DarkNetDetector.h" />
    <ClInclude Include="..\source\defs.h" />
    <ClInclude Include="..\source\FaceDetector.h" />
    <ClInclude Include="..\source\ImageInfo.h" />
    <ClInclude Include="..\source\mTypes.h" />
    <ClInclude Include="..\source\ObjectTracker.hpp" />
    <ClInclude Include="..\source\PersonRecognizer.h" />
    <ClInclude Include="..\source\PixelUtil.h" />
    <ClInclude Include="..\source\stdafx.h" />
    <ClInclude Include="..\source\UnityHelpers.h" />
    <ClInclude Include="..\source\Utilities.hpp" />
    <ClInclude Include="..\source\videoCommon.h" />
    <ClInclude Include="..\source\CVVideoCapture.h" />
    <ClInclude Include="..\source\GraphicsInclude.h">
      <Filter>Render</Filter>
    </ClInclude>
    <ClInclude Include="..\source\PlatformBase.h">
      <Filter>Render</Filter>
    </ClInclude>
    <ClInclude Include="..\source\RenderAPI.h">
      <Filter>Render</Filter>
    </ClInclude>
    <ClInclude Include="..\source\UnityGraphicsDevice.h">
      <Filter>Render</Filter>
    </ClInclude>
  </ItemGroup>
  <ItemGroup>
    <None Include="..\source\Plugin.h" />
  </ItemGroup>
  <ItemGroup>
    <Filter Include="Render">
      <UniqueIdentifier>{cd1b60b1-6b98-4431-bf7f-fe49fbf9ba56}</UniqueIdentifier>
    </Filter>
  </ItemGroup>
</Project>